
Microsoft Visual Studio Solution File, Format Version 12.00
# Visual Studio Version 17
VisualStudioVersion = 17.1.32414.318
MinimumVisualStudioVersion = 10.0.40219.1
Project("{8BC9CEB8-8B4A-11D0-8D11-00A0C91BC942}") = "Crypt1", "Crypt1.vcxproj", "{1B5056E2-D2D8-408C-B484-DA3496761C15}"
EndProject
Global
	GlobalSection(SolutionConfigurationPlatforms) = preSolution
		Debug|x64 = Debug|x64
		Debug|x86 = Debug|x86
		Release|x64 = Release|x64
		Release|x86 = Release|x86
	EndGlobalSection
	GlobalSection(ProjectConfigurationPlatforms) = postSolution
		{1B5056E2-D2D8-408C-B484-DA3496761C15}.Debug|x64.ActiveCfg = Debug|x64
		{1B5056E2-D2D8-408C-B484-DA3496761C15}.Debug|x64.Build.0 = Debug|x64
		{1B5056E2-D2D8-408C-B484-DA3496761C15}.Debug|x86.ActiveCfg = Debug|Win32
		{1B5056E2-D2D8-408C-B484-DA3496761C15}.Debug|x86.Build.0 = Debug|Win32
		{1B5056E2-D2D8-408C-B484-DA3496761C15}.Release|x64.ActiveCfg = Release|x64
		{1B5056E2-D2D8-408C-B484-DA3496761C15}.Release|x64.Build.0 = Release|x64
		{1B5056E2-D2D8-408C-B484-DA3496761C15}.Release|x86.ActiveCfg = Release|Win32
		{1B5056E2-D2D8-408C-B484-DA3496761C15}.Release|x86.Build.0 = Release|Win32
	EndGlobalSection
	GlobalSection(SolutionProperties) = preSolution
		HideSolutionNode = FALSE
	EndGlobalSection
	GlobalSection(ExtensibilityGlobals) = postSolution
		SolutionGuid = {A74AADBA-2857-401A-BAFF-BC1B5065931E}
	EndGlobalSection
EndGlobal
